
Microsoft Visual Studio Solution File, Format Version 12.00
# Visual Studio Version 16
VisualStudioVersion = 16.0.29025.244
MinimumVisualStudioVersion = 10.0.40219.1
Project("{FAE04EC0-301F-11D3-BF4B-00C04F79EFBC}") = "LemonadeStand", "LemonadeStand.csproj", "{5BA5C7AB-DDA4-447F-AB0B-F3ADAB896396}"
EndProject
Global
	GlobalSection(SolutionConfigurationPlatforms) = preSolution
		Debug|Any CPU = Debug|Any CPU
		Release|Any CPU = Release|Any CPU
	EndGlobalSection
	GlobalSection(ProjectConfigurationPlatforms) = postSolution
		{5BA5C7AB-DDA4-447F-AB0B-F3ADAB896396}.Debug|Any CPU.ActiveCfg = Debug|Any CPU
		{5BA5C7AB-DDA4-447F-AB0B-F3ADAB896396}.Debug|Any CPU.Build.0 = Debug|Any CPU
		{5BA5C7AB-DDA4-447F-AB0B-F3ADAB896396}.Release|Any CPU.ActiveCfg = Release|Any CPU
		{5BA5C7AB-DDA4-447F-AB0B-F3ADAB896396}.Release|Any CPU.Build.0 = Release|Any CPU
	EndGlobalSection
	GlobalSection(SolutionProperties) = preSolution
		HideSolutionNode = FALSE
	EndGlobalSection
	GlobalSection(ExtensibilityGlobals) = postSolution
		SolutionGuid = {259F32F6-8C0A-456B-BAFE-E17447263F42}
	EndGlobalSection
EndGlobal
